
Microsoft Visual Studio Solution File, Format Version 12.00
# Visual Studio 15
VisualStudioVersion = 15.0.28010.2050
MinimumVisualStudioVersion = 10.0.40219.1
Project("{FAE04EC0-301F-11D3-BF4B-00C04F79EFBC}") = "DeepFirstSearch", "DeepFirstSearch\DeepFirstSearch.csproj", "{DF2646CA-F539-4719-92BC-C6BB9200626A}"
EndProject
Global
	GlobalSection(SolutionConfigurationPlatforms) = preSolution
		Debug|Any CPU = Debug|Any CPU
		Release|Any CPU = Release|Any CPU
	EndGlobalSection
	GlobalSection(ProjectConfigurationPlatforms) = postSolution
		{DF2646CA-F539-4719-92BC-C6BB9200626A}.Debug|Any CPU.ActiveCfg = Debug|Any CPU
		{DF2646CA-F539-4719-92BC-C6BB9200626A}.Debug|Any CPU.Build.0 = Debug|Any CPU
		{DF2646CA-F539-4719-92BC-C6BB9200626A}.Release|Any CPU.ActiveCfg = Release|Any CPU
		{DF2646CA-F539-4719-92BC-C6BB9200626A}.Release|Any CPU.Build.0 = Release|Any CPU
	EndGlobalSection
	GlobalSection(SolutionProperties) = preSolution
		HideSolutionNode = FALSE
	EndGlobalSection
	GlobalSection(ExtensibilityGlobals) = postSolution
		SolutionGuid = {DDE354A4-610A-4D29-9F55-CC4E147BDCD1}
	EndGlobalSection
EndGlobal
